<?xml version="1.0" encoding="UTF-8"?>
<!DOCTYPE plist PUBLIC "-//Apple//DTD PLIST 1.0//EN" "http://www.apple.com/DTDs/PropertyList-1.0.dtd">
<plist version="1.0">
<dict>
	<key>archiveVersion</key>
	<string>1</string>
	<key>classes</key>
	<dict/>
	<key>objectVersion</key>
	<string>46</string>
	<key>objects</key>
	<dict>
		<key>0CD4EF1F7489D5F4B8B30468</key>
		<dict>
			<key>buildActionMask</key>
			<string>2147483647</string>
			<key>files</key>
			<array/>
			<key>inputPaths</key>
			<array/>
			<key>isa</key>
			<string>PBXShellScriptBuildPhase</string>
			<key>name</key>
			<string>Check Pods Manifest.lock</string>
			<key>outputPaths</key>
			<array/>
			<key>runOnlyForDeploymentPostprocessing</key>
			<string>0</string>
			<key>shellPath</key>
			<string>/bin/sh</string>
			<key>shellScript</key>
			<string>diff "${PODS_ROOT}/../Podfile.lock" "${PODS_ROOT}/Manifest.lock" &gt; /dev/null
if [[ $? != 0 ]] ; then
    cat &lt;&lt; EOM
error: The sandbox is not in sync with the Podfile.lock. Run 'pod install' or update your CocoaPods installation.
EOM
    exit 1
fi
</string>
			<key>showEnvVarsInLog</key>
			<string>0</string>
		</dict>
		<key>2954672EB3D3DF700B71BC05</key>
		<dict>
			<key>includeInIndex</key>
			<string>1</string>
			<key>isa</key>
			<string>PBXFileReference</string>
			<key>lastKnownFileType</key>
			<string>text.xcconfig</string>
			<key>name</key>
			<string>Pods.release.xcconfig</string>
			<key>path</key>
			<string>Pods/Target Support Files/Pods/Pods.release.xcconfig</string>
			<key>sourceTree</key>
			<string>&lt;group&gt;</string>
		</dict>
		<key>4E0BFCCBF53307C72D0682DE</key>
		<dict>
			<key>explicitFileType</key>
			<string>wrapper.framework</string>
			<key>includeInIndex</key>
			<string>0</string>
			<key>isa</key>
			<string>PBXFileReference</string>
			<key>path</key>
			<string>Pods.framework</string>
			<key>sourceTree</key>
			<string>BUILT_PRODUCTS_DIR</string>
		</dict>
		<key>5C5C647D06DC2050CAD9FFA5</key>
		<dict>
			<key>includeInIndex</key>
			<string>1</string>
			<key>isa</key>
			<string>PBXFileReference</string>
			<key>lastKnownFileType</key>
			<string>text.xcconfig</string>
			<key>name</key>
			<string>Pods.debug.xcconfig</string>
			<key>path</key>
			<string>Pods/Target Support Files/Pods/Pods.debug.xcconfig</string>
			<key>sourceTree</key>
			<string>&lt;group&gt;</string>
		</dict>
		<key>5F3309749155B19BACAD47BC</key>
		<dict>
			<key>children</key>
			<array>
				<string>5C5C647D06DC2050CAD9FFA5</string>
				<string>2954672EB3D3DF700B71BC05</string>
			</array>
			<key>isa</key>
			<string>PBXGroup</string>
			<key>name</key>
			<string>Pods</string>
			<key>sourceTree</key>
			<string>&lt;group&gt;</string>
		</dict>
		<key>7D9DE64BAC8FEEC6562B9184</key>
		<dict>
			<key>children</key>
			<array>
				<string>4E0BFCCBF53307C72D0682DE</string>
			</array>
			<key>isa</key>
			<string>PBXGroup</string>
			<key>name</key>
			<string>Frameworks</string>
			<key>sourceTree</key>
			<string>&lt;group&gt;</string>
		</dict>
		<key>87833CC91AF241160018B6D8</key>
		<dict>
			<key>fileEncoding</key>
			<string>4</string>
			<key>isa</key>
			<string>PBXFileReference</string>
			<key>lastKnownFileType</key>
			<string>sourcecode.swift</string>
			<key>name</key>
			<string>ForecastViewModel.swift</string>
			<key>path</key>
			<string>ForecastViewModel.swift</string>
			<key>sourceTree</key>
			<string>&lt;group&gt;</string>
		</dict>
		<key>87833CCA1AF241160018B6D8</key>
		<dict>
			<key>fileRef</key>
			<string>87833CC91AF241160018B6D8</string>
			<key>isa</key>
			<string>PBXBuildFile</string>
		</dict>
		<key>87833CCB1AF241520018B6D8</key>
		<dict>
			<key>fileEncoding</key>
			<string>4</string>
			<key>isa</key>
			<string>PBXFileReference</string>
			<key>lastKnownFileType</key>
			<string>sourcecode.swift</string>
			<key>name</key>
			<string>TodayViewModel.swift</string>
			<key>path</key>
			<string>TodayViewModel.swift</string>
			<key>sourceTree</key>
			<string>&lt;group&gt;</string>
		</dict>
		<key>87833CCC1AF241520018B6D8</key>
		<dict>
			<key>fileRef</key>
			<string>87833CCB1AF241520018B6D8</string>
			<key>isa</key>
			<string>PBXBuildFile</string>
		</dict>
		<key>878A60081AEFCEEE004FFB39</key>
		<dict>
			<key>children</key>
			<array>
				<string>878A60091AEFCF10004FFB39</string>
				<string>E801C2031AF53D7500F1FCBA</string>
			</array>
			<key>isa</key>
			<string>PBXGroup</string>
			<key>path</key>
			<string>Utils</string>
			<key>sourceTree</key>
			<string>&lt;group&gt;</string>
		</dict>
		<key>878A60091AEFCF10004FFB39</key>
		<dict>
			<key>fileEncoding</key>
			<string>4</string>
			<key>isa</key>
			<string>PBXFileReference</string>
			<key>lastKnownFileType</key>
			<string>sourcecode.swift</string>
			<key>path</key>
			<string>ValueTransformUtil.swift</string>
			<key>sourceTree</key>
			<string>&lt;group&gt;</string>
		</dict>
		<key>878A600A1AEFCF10004FFB39</key>
		<dict>
			<key>fileRef</key>
			<string>878A60091AEFCF10004FFB39</string>
			<key>isa</key>
			<string>PBXBuildFile</string>
		</dict>
		<key>906562C51496471FA2EBC0C9</key>
		<dict>
			<key>buildActionMask</key>
			<string>2147483647</string>
			<key>files</key>
			<array/>
			<key>inputPaths</key>
			<array/>
			<key>isa</key>
			<string>PBXShellScriptBuildPhase</string>
			<key>name</key>
			<string>Embed Pods Frameworks</string>
			<key>outputPaths</key>
			<array/>
			<key>runOnlyForDeploymentPostprocessing</key>
			<string>0</string>
			<key>shellPath</key>
			<string>/bin/sh</string>
			<key>shellScript</key>
			<string>"${SRCROOT}/Pods/Target Support Files/Pods/Pods-frameworks.sh"
</string>
			<key>showEnvVarsInLog</key>
			<string>0</string>
		</dict>
		<key>A899FDA6E13A445514D23AF6</key>
		<dict>
			<key>fileRef</key>
			<string>4E0BFCCBF53307C72D0682DE</string>
			<key>isa</key>
			<string>PBXBuildFile</string>
			<key>settings</key>
			<dict>
				<key>ATTRIBUTES</key>
				<array>
					<string>Weak</string>
				</array>
			</dict>
		</dict>
		<key>E0934D3F6D8E2B138D1B8A6F</key>
		<dict>
			<key>buildActionMask</key>
			<string>2147483647</string>
			<key>files</key>
			<array/>
			<key>inputPaths</key>
			<array/>
			<key>isa</key>
			<string>PBXShellScriptBuildPhase</string>
			<key>name</key>
			<string>Copy Pods Resources</string>
			<key>outputPaths</key>
			<array/>
			<key>runOnlyForDeploymentPostprocessing</key>
			<string>0</string>
			<key>shellPath</key>
			<string>/bin/sh</string>
			<key>shellScript</key>
			<string>"${SRCROOT}/Pods/Target Support Files/Pods/Pods-resources.sh"
</string>
			<key>showEnvVarsInLog</key>
			<string>0</string>
		</dict>
		<key>E801C2011AF5308A00F1FCBA</key>
		<dict>
			<key>fileEncoding</key>
			<string>4</string>
			<key>isa</key>
			<string>PBXFileReference</string>
			<key>lastKnownFileType</key>
			<string>sourcecode.swift</string>
			<key>name</key>
			<string>SettingsViewModel.swift</string>
			<key>path</key>
			<string>SettingsViewModel.swift</string>
			<key>sourceTree</key>
			<string>&lt;group&gt;</string>
		</dict>
		<key>E801C2021AF5308A00F1FCBA</key>
		<dict>
			<key>fileRef</key>
			<string>E801C2011AF5308A00F1FCBA</string>
			<key>isa</key>
			<string>PBXBuildFile</string>
		</dict>
		<key>E801C2031AF53D7500F1FCBA</key>
		<dict>
			<key>fileEncoding</key>
			<string>4</string>
			<key>isa</key>
			<string>PBXFileReference</string>
			<key>lastKnownFileType</key>
			<string>sourcecode.swift</string>
			<key>path</key>
			<string>ConfigUtils.swift</string>
			<key>sourceTree</key>
			<string>&lt;group&gt;</string>
		</dict>
		<key>E801C2041AF53D7500F1FCBA</key>
		<dict>
			<key>fileRef</key>
			<string>E801C2031AF53D7500F1FCBA</string>
			<key>isa</key>
			<string>PBXBuildFile</string>
		</dict>
		<key>E801C2051AF5465900F1FCBA</key>
		<dict>
			<key>children</key>
			<array>
				<string>E801C2061AF5469000F1FCBA</string>
			</array>
			<key>isa</key>
			<string>PBXGroup</string>
			<key>name</key>
			<string>ChooseUnits</string>
			<key>path</key>
			<string>ChooseUnits</string>
			<key>sourceTree</key>
			<string>&lt;group&gt;</string>
		</dict>
		<key>E801C2061AF5469000F1FCBA</key>
		<dict>
			<key>fileEncoding</key>
			<string>4</string>
			<key>isa</key>
			<string>PBXFileReference</string>
			<key>lastKnownFileType</key>
			<string>sourcecode.swift</string>
			<key>path</key>
			<string>ChooseUnitViewController.swift</string>
			<key>sourceTree</key>
			<string>&lt;group&gt;</string>
		</dict>
		<key>E801C2071AF5469000F1FCBA</key>
		<dict>
			<key>fileRef</key>
			<string>E801C2061AF5469000F1FCBA</string>
			<key>isa</key>
			<string>PBXBuildFile</string>
		</dict>
		<key>E85BA85B1AF4D0C10093B5F0</key>
		<dict>
			<key>fileEncoding</key>
			<string>4</string>
			<key>isa</key>
			<string>PBXFileReference</string>
			<key>lastKnownFileType</key>
			<string>sourcecode.swift</string>
			<key>path</key>
			<string>Setting.swift</string>
			<key>sourceTree</key>
			<string>&lt;group&gt;</string>
		</dict>
		<key>E85BA85C1AF4D0C10093B5F0</key>
		<dict>
			<key>fileRef</key>
			<string>E85BA85B1AF4D0C10093B5F0</string>
			<key>isa</key>
			<string>PBXBuildFile</string>
		</dict>
		<key>E85BA85D1AF4D36C0093B5F0</key>
		<dict>
			<key>fileEncoding</key>
			<string>4</string>
			<key>isa</key>
			<string>PBXFileReference</string>
			<key>lastKnownFileType</key>
			<string>sourcecode.swift</string>
			<key>path</key>
			<string>SettingsTableViewCell.swift</string>
			<key>sourceTree</key>
			<string>&lt;group&gt;</string>
		</dict>
		<key>E85BA85E1AF4D36C0093B5F0</key>
		<dict>
			<key>fileRef</key>
			<string>E85BA85D1AF4D36C0093B5F0</string>
			<key>isa</key>
			<string>PBXBuildFile</string>
		</dict>
		<key>E8B258A01AEEBE9E00195F02</key>
		<dict>
			<key>children</key>
			<array>
				<string>E8B258AB1AEEBE9E00195F02</string>
				<string>E8B258C11AEEBE9F00195F02</string>
				<string>E8B258AA1AEEBE9E00195F02</string>
				<string>5F3309749155B19BACAD47BC</string>
				<string>7D9DE64BAC8FEEC6562B9184</string>
			</array>
			<key>isa</key>
			<string>PBXGroup</string>
			<key>sourceTree</key>
			<string>&lt;group&gt;</string>
		</dict>
		<key>E8B258A11AEEBE9E00195F02</key>
		<dict>
			<key>attributes</key>
			<dict>
				<key>LastUpgradeCheck</key>
				<string>0630</string>
				<key>ORGANIZATIONNAME</key>
				<string>STRV</string>
				<key>TargetAttributes</key>
				<dict>
					<key>E8B258A81AEEBE9E00195F02</key>
					<dict>
						<key>CreatedOnToolsVersion</key>
						<string>6.3.1</string>
						<key>DevelopmentTeam</key>
						<string>Z9YYE79F5E</string>
					</dict>
					<key>E8B258BD1AEEBE9F00195F02</key>
					<dict>
						<key>CreatedOnToolsVersion</key>
						<string>6.3.1</string>
						<key>TestTargetID</key>
						<string>E8B258A81AEEBE9E00195F02</string>
					</dict>
				</dict>
			</dict>
			<key>buildConfigurationList</key>
			<string>E8B258A41AEEBE9E00195F02</string>
			<key>compatibilityVersion</key>
			<string>Xcode 3.2</string>
			<key>developmentRegion</key>
			<string>English</string>
			<key>hasScannedForEncodings</key>
			<string>0</string>
			<key>isa</key>
			<string>PBXProject</string>
			<key>knownRegions</key>
			<array>
				<string>en</string>
				<string>Base</string>
			</array>
			<key>mainGroup</key>
			<string>E8B258A01AEEBE9E00195F02</string>
			<key>productRefGroup</key>
			<string>E8B258AA1AEEBE9E00195F02</string>
			<key>projectDirPath</key>
			<string></string>
			<key>projectReferences</key>
			<array/>
			<key>projectRoot</key>
			<string></string>
			<key>targets</key>
			<array>
				<string>E8B258A81AEEBE9E00195F02</string>
				<string>E8B258BD1AEEBE9F00195F02</string>
			</array>
		</dict>
		<key>E8B258A41AEEBE9E00195F02</key>
		<dict>
			<key>buildConfigurations</key>
			<array>
				<string>E8B258C61AEEBE9F00195F02</string>
				<string>E8B258C71AEEBE9F00195F02</string>
			</array>
			<key>defaultConfigurationIsVisible</key>
			<string>0</string>
			<key>defaultConfigurationName</key>
			<string>Release</string>
			<key>isa</key>
			<string>XCConfigurationList</string>
		</dict>
		<key>E8B258A51AEEBE9E00195F02</key>
		<dict>
			<key>buildActionMask</key>
			<string>2147483647</string>
			<key>files</key>
			<array>
				<string>E8D219D71AF041E90021F243</string>
				<string>87833CCC1AF241520018B6D8</string>
				<string>E8B258EC1AEEDDF000195F02</string>
				<string>E8D219D51AF041CD0021F243</string>
				<string>E8FBC4E51AF4226C003B435C</string>
				<string>E85BA85C1AF4D0C10093B5F0</string>
				<string>E8D219DD1AF043FC0021F243</string>
				<string>E8B258AF1AEEBE9E00195F02</string>
				<string>E801C2021AF5308A00F1FCBA</string>
				<string>E8D219D91AF042550021F243</string>
				<string>E8B258EA1AEED6E800195F02</string>
				<string>E85BA85E1AF4D36C0093B5F0</string>
				<string>E8B258E61AEEC5DE00195F02</string>
				<string>E8D219E11AF04BE20021F243</string>
				<string>87833CCA1AF241160018B6D8</string>
				<string>E801C2041AF53D7500F1FCBA</string>
				<string>878A600A1AEFCF10004FFB39</string>
				<string>E8D219D21AF041880021F243</string>
				<string>E801C2071AF5469000F1FCBA</string>
			</array>
			<key>isa</key>
			<string>PBXSourcesBuildPhase</string>
			<key>runOnlyForDeploymentPostprocessing</key>
			<string>0</string>
		</dict>
		<key>E8B258A61AEEBE9E00195F02</key>
		<dict>
			<key>buildActionMask</key>
			<string>2147483647</string>
			<key>files</key>
			<array>
				<string>A899FDA6E13A445514D23AF6</string>
			</array>
			<key>isa</key>
			<string>PBXFrameworksBuildPhase</string>
			<key>runOnlyForDeploymentPostprocessing</key>
			<string>0</string>
		</dict>
		<key>E8B258A71AEEBE9E00195F02</key>
		<dict>
			<key>buildActionMask</key>
			<string>2147483647</string>
			<key>files</key>
			<array>
				<string>E8B258E01AEEC57500195F02</string>
				<string>E8B258D91AEEC16200195F02</string>
				<string>E8B258DF1AEEC57500195F02</string>
				<string>E8B258B91AEEBE9E00195F02</string>
				<string>E8B258B61AEEBE9E00195F02</string>
				<string>E8B258E11AEEC57500195F02</string>
				<string>E8B258E21AEEC57500195F02</string>
			</array>
			<key>isa</key>
			<string>PBXResourcesBuildPhase</string>
			<key>runOnlyForDeploymentPostprocessing</key>
			<string>0</string>
		</dict>
		<key>E8B258A81AEEBE9E00195F02</key>
		<dict>
			<key>buildConfigurationList</key>
			<string>E8B258C81AEEBE9F00195F02</string>
			<key>buildPhases</key>
			<array>
				<string>0CD4EF1F7489D5F4B8B30468</string>
				<string>E8B258A51AEEBE9E00195F02</string>
				<string>E8B258A61AEEBE9E00195F02</string>
				<string>E8B258A71AEEBE9E00195F02</string>
				<string>906562C51496471FA2EBC0C9</string>
				<string>E0934D3F6D8E2B138D1B8A6F</string>
			</array>
			<key>buildRules</key>
			<array/>
			<key>dependencies</key>
			<array/>
			<key>isa</key>
			<string>PBXNativeTarget</string>
			<key>name</key>
			<string>Weather</string>
			<key>productName</key>
			<string>Weather</string>
			<key>productReference</key>
			<string>E8B258A91AEEBE9E00195F02</string>
			<key>productType</key>
			<string>com.apple.product-type.application</string>
		</dict>
		<key>E8B258A91AEEBE9E00195F02</key>
		<dict>
			<key>explicitFileType</key>
			<string>wrapper.application</string>
			<key>includeInIndex</key>
			<string>0</string>
			<key>isa</key>
			<string>PBXFileReference</string>
			<key>path</key>
			<string>Weather.app</string>
			<key>sourceTree</key>
			<string>BUILT_PRODUCTS_DIR</string>
		</dict>
		<key>E8B258AA1AEEBE9E00195F02</key>
		<dict>
			<key>children</key>
			<array>
				<string>E8B258A91AEEBE9E00195F02</string>
				<string>E8B258BE1AEEBE9F00195F02</string>
			</array>
			<key>isa</key>
			<string>PBXGroup</string>
			<key>name</key>
			<string>Products</string>
			<key>sourceTree</key>
			<string>&lt;group&gt;</string>
		</dict>
		<key>E8B258AB1AEEBE9E00195F02</key>
		<dict>
			<key>children</key>
			<array>
				<string>E8B258D11AEEBEC600195F02</string>
				<string>E8B258CE1AEEBEB000195F02</string>
				<string>E8B258E31AEEC5B800195F02</string>
				<string>E8B258CF1AEEBEB500195F02</string>
				<string>E8B258D01AEEBEBD00195F02</string>
			</array>
			<key>isa</key>
			<string>PBXGroup</string>
			<key>path</key>
			<string>Weather</string>
			<key>sourceTree</key>
			<string>&lt;group&gt;</string>
		</dict>
		<key>E8B258AD1AEEBE9E00195F02</key>
		<dict>
			<key>isa</key>
			<string>PBXFileReference</string>
			<key>lastKnownFileType</key>
			<string>text.plist.xml</string>
			<key>path</key>
			<string>Info.plist</string>
			<key>sourceTree</key>
			<string>&lt;group&gt;</string>
		</dict>
		<key>E8B258AE1AEEBE9E00195F02</key>
		<dict>
			<key>isa</key>
			<string>PBXFileReference</string>
			<key>lastKnownFileType</key>
			<string>sourcecode.swift</string>
			<key>path</key>
			<string>AppDelegate.swift</string>
			<key>sourceTree</key>
			<string>&lt;group&gt;</string>
		</dict>
		<key>E8B258AF1AEEBE9E00195F02</key>
		<dict>
			<key>fileRef</key>
			<string>E8B258AE1AEEBE9E00195F02</string>
			<key>isa</key>
			<string>PBXBuildFile</string>
		</dict>
		<key>E8B258B51AEEBE9E00195F02</key>
		<dict>
			<key>isa</key>
			<string>PBXFileReference</string>
			<key>lastKnownFileType</key>
			<string>folder.assetcatalog</string>
			<key>path</key>
			<string>Images.xcassets</string>
			<key>sourceTree</key>
			<string>&lt;group&gt;</string>
		</dict>
		<key>E8B258B61AEEBE9E00195F02</key>
		<dict>
			<key>fileRef</key>
			<string>E8B258B51AEEBE9E00195F02</string>
			<key>isa</key>
			<string>PBXBuildFile</string>
		</dict>
		<key>E8B258B71AEEBE9E00195F02</key>
		<dict>
			<key>children</key>
			<array>
				<string>E8B258B81AEEBE9E00195F02</string>
			</array>
			<key>isa</key>
			<string>PBXVariantGroup</string>
			<key>name</key>
			<string>LaunchScreen.xib</string>
			<key>path</key>
			<string>.</string>
			<key>sourceTree</key>
			<string>&lt;group&gt;</string>
		</dict>
		<key>E8B258B81AEEBE9E00195F02</key>
		<dict>
			<key>isa</key>
			<string>PBXFileReference</string>
			<key>lastKnownFileType</key>
			<string>file.xib</string>
			<key>name</key>
			<string>Base</string>
			<key>path</key>
			<string>Base.lproj/LaunchScreen.xib</string>
			<key>sourceTree</key>
			<string>&lt;group&gt;</string>
		</dict>
		<key>E8B258B91AEEBE9E00195F02</key>
		<dict>
			<key>fileRef</key>
			<string>E8B258B71AEEBE9E00195F02</string>
			<key>isa</key>
			<string>PBXBuildFile</string>
		</dict>
		<key>E8B258BA1AEEBE9F00195F02</key>
		<dict>
			<key>buildActionMask</key>
			<string>2147483647</string>
			<key>files</key>
			<array>
				<string>E8B258C51AEEBE9F00195F02</string>
			</array>
			<key>isa</key>
			<string>PBXSourcesBuildPhase</string>
			<key>runOnlyForDeploymentPostprocessing</key>
			<string>0</string>
		</dict>
		<key>E8B258BB1AEEBE9F00195F02</key>
		<dict>
			<key>buildActionMask</key>
			<string>2147483647</string>
			<key>files</key>
			<array/>
			<key>isa</key>
			<string>PBXFrameworksBuildPhase</string>
			<key>runOnlyForDeploymentPostprocessing</key>
			<string>0</string>
		</dict>
		<key>E8B258BC1AEEBE9F00195F02</key>
		<dict>
			<key>buildActionMask</key>
			<string>2147483647</string>
			<key>files</key>
			<array/>
			<key>isa</key>
			<string>PBXResourcesBuildPhase</string>
			<key>runOnlyForDeploymentPostprocessing</key>
			<string>0</string>
		</dict>
		<key>E8B258BD1AEEBE9F00195F02</key>
		<dict>
			<key>buildConfigurationList</key>
			<string>E8B258CB1AEEBE9F00195F02</string>
			<key>buildPhases</key>
			<array>
				<string>E8B258BA1AEEBE9F00195F02</string>
				<string>E8B258BB1AEEBE9F00195F02</string>
				<string>E8B258BC1AEEBE9F00195F02</string>
			</array>
			<key>buildRules</key>
			<array/>
			<key>dependencies</key>
			<array>
				<string>E8B258C01AEEBE9F00195F02</string>
			</array>
			<key>isa</key>
			<string>PBXNativeTarget</string>
			<key>name</key>
			<string>WeatherTests</string>
			<key>productName</key>
			<string>WeatherTests</string>
			<key>productReference</key>
			<string>E8B258BE1AEEBE9F00195F02</string>
			<key>productType</key>
			<string>com.apple.product-type.bundle.unit-test</string>
		</dict>
		<key>E8B258BE1AEEBE9F00195F02</key>
		<dict>
			<key>explicitFileType</key>
			<string>wrapper.cfbundle</string>
			<key>includeInIndex</key>
			<string>0</string>
			<key>isa</key>
			<string>PBXFileReference</string>
			<key>path</key>
			<string>WeatherTests.xctest</string>
			<key>sourceTree</key>
			<string>BUILT_PRODUCTS_DIR</string>
		</dict>
		<key>E8B258BF1AEEBE9F00195F02</key>
		<dict>
			<key>containerPortal</key>
			<string>E8B258A11AEEBE9E00195F02</string>
			<key>isa</key>
			<string>PBXContainerItemProxy</string>
			<key>proxyType</key>
			<string>1</string>
			<key>remoteGlobalIDString</key>
			<string>E8B258A81AEEBE9E00195F02</string>
			<key>remoteInfo</key>
			<string>Weather</string>
		</dict>
		<key>E8B258C01AEEBE9F00195F02</key>
		<dict>
			<key>isa</key>
			<string>PBXTargetDependency</string>
			<key>target</key>
			<string>E8B258A81AEEBE9E00195F02</string>
			<key>targetProxy</key>
			<string>E8B258BF1AEEBE9F00195F02</string>
		</dict>
		<key>E8B258C11AEEBE9F00195F02</key>
		<dict>
			<key>children</key>
			<array>
				<string>E8B258C41AEEBE9F00195F02</string>
				<string>E8B258C21AEEBE9F00195F02</string>
			</array>
			<key>isa</key>
			<string>PBXGroup</string>
			<key>path</key>
			<string>WeatherTests</string>
			<key>sourceTree</key>
			<string>&lt;group&gt;</string>
		</dict>
		<key>E8B258C21AEEBE9F00195F02</key>
		<dict>
			<key>children</key>
			<array>
				<string>E8B258C31AEEBE9F00195F02</string>
			</array>
			<key>isa</key>
			<string>PBXGroup</string>
			<key>path</key>
			<string>Supporting Files</string>
			<key>sourceTree</key>
			<string>&lt;group&gt;</string>
		</dict>
		<key>E8B258C31AEEBE9F00195F02</key>
		<dict>
			<key>isa</key>
			<string>PBXFileReference</string>
			<key>lastKnownFileType</key>
			<string>text.plist.xml</string>
			<key>path</key>
			<string>Info.plist</string>
			<key>sourceTree</key>
			<string>&lt;group&gt;</string>
		</dict>
		<key>E8B258C41AEEBE9F00195F02</key>
		<dict>
			<key>isa</key>
			<string>PBXFileReference</string>
			<key>lastKnownFileType</key>
			<string>sourcecode.swift</string>
			<key>path</key>
			<string>WeatherTests.swift</string>
			<key>sourceTree</key>
			<string>&lt;group&gt;</string>
		</dict>
		<key>E8B258C51AEEBE9F00195F02</key>
		<dict>
			<key>fileRef</key>
			<string>E8B258C41AEEBE9F00195F02</string>
			<key>isa</key>
			<string>PBXBuildFile</string>
		</dict>
		<key>E8B258C61AEEBE9F00195F02</key>
		<dict>
			<key>buildSettings</key>
			<dict>
				<key>ALWAYS_SEARCH_USER_PATHS</key>
				<string>NO</string>
				<key>CLANG_CXX_LANGUAGE_STANDARD</key>
				<string>gnu++0x</string>
				<key>CLANG_CXX_LIBRARY</key>
				<string>libc++</string>
				<key>CLANG_ENABLE_MODULES</key>
				<string>YES</string>
				<key>CLANG_ENABLE_OBJC_ARC</key>
				<string>YES</string>
				<key>CLANG_WARN_BOOL_CONVERSION</key>
				<string>YES</string>
				<key>CLANG_WARN_CONSTANT_CONVERSION</key>
				<string>YES</string>
				<key>CLANG_WARN_DIRECT_OBJC_ISA_USAGE</key>
				<string>YES_ERROR</string>
				<key>CLANG_WARN_EMPTY_BODY</key>
				<string>YES</string>
				<key>CLANG_WARN_ENUM_CONVERSION</key>
				<string>YES</string>
				<key>CLANG_WARN_INT_CONVERSION</key>
				<string>YES</string>
				<key>CLANG_WARN_OBJC_ROOT_CLASS</key>
				<string>YES_ERROR</string>
				<key>CLANG_WARN_UNREACHABLE_CODE</key>
				<string>YES</string>
				<key>CLANG_WARN__DUPLICATE_METHOD_MATCH</key>
				<string>YES</string>
				<key>CODE_SIGN_IDENTITY[sdk=iphoneos*]</key>
				<string>iPhone Developer</string>
				<key>COPY_PHASE_STRIP</key>
				<string>NO</string>
				<key>DEBUG_INFORMATION_FORMAT</key>
				<string>dwarf-with-dsym</string>
				<key>ENABLE_STRICT_OBJC_MSGSEND</key>
				<string>YES</string>
				<key>GCC_C_LANGUAGE_STANDARD</key>
				<string>gnu99</string>
				<key>GCC_DYNAMIC_NO_PIC</key>
				<string>NO</string>
				<key>GCC_NO_COMMON_BLOCKS</key>
				<string>YES</string>
				<key>GCC_OPTIMIZATION_LEVEL</key>
				<string>0</string>
				<key>GCC_PREPROCESSOR_DEFINITIONS</key>
				<array>
					<string>DEBUG=1</string>
					<string>$(inherited)</string>
				</array>
				<key>GCC_SYMBOLS_PRIVATE_EXTERN</key>
				<string>NO</string>
				<key>GCC_WARN_64_TO_32_BIT_CONVERSION</key>
				<string>YES</string>
				<key>GCC_WARN_ABOUT_RETURN_TYPE</key>
				<string>YES_ERROR</string>
				<key>GCC_WARN_UNDECLARED_SELECTOR</key>
				<string>YES</string>
				<key>GCC_WARN_UNINITIALIZED_AUTOS</key>
				<string>YES_AGGRESSIVE</string>
				<key>GCC_WARN_UNUSED_FUNCTION</key>
				<string>YES</string>
				<key>GCC_WARN_UNUSED_VARIABLE</key>
				<string>YES</string>
				<key>IPHONEOS_DEPLOYMENT_TARGET</key>
				<string>8.3</string>
				<key>MTL_ENABLE_DEBUG_INFO</key>
				<string>YES</string>
				<key>ONLY_ACTIVE_ARCH</key>
				<string>YES</string>
				<key>SDKROOT</key>
				<string>iphoneos</string>
				<key>SWIFT_OPTIMIZATION_LEVEL</key>
				<string>-Onone</string>
			</dict>
			<key>isa</key>
			<string>XCBuildConfiguration</string>
			<key>name</key>
			<string>Debug</string>
		</dict>
		<key>E8B258C71AEEBE9F00195F02</key>
		<dict>
			<key>buildSettings</key>
			<dict>
				<key>ALWAYS_SEARCH_USER_PATHS</key>
				<string>NO</string>
				<key>CLANG_CXX_LANGUAGE_STANDARD</key>
				<string>gnu++0x</string>
				<key>CLANG_CXX_LIBRARY</key>
				<string>libc++</string>
				<key>CLANG_ENABLE_MODULES</key>
				<string>YES</string>
				<key>CLANG_ENABLE_OBJC_ARC</key>
				<string>YES</string>
				<key>CLANG_WARN_BOOL_CONVERSION</key>
				<string>YES</string>
				<key>CLANG_WARN_CONSTANT_CONVERSION</key>
				<string>YES</string>
				<key>CLANG_WARN_DIRECT_OBJC_ISA_USAGE</key>
				<string>YES_ERROR</string>
				<key>CLANG_WARN_EMPTY_BODY</key>
				<string>YES</string>
				<key>CLANG_WARN_ENUM_CONVERSION</key>
				<string>YES</string>
				<key>CLANG_WARN_INT_CONVERSION</key>
				<string>YES</string>
				<key>CLANG_WARN_OBJC_ROOT_CLASS</key>
				<string>YES_ERROR</string>
				<key>CLANG_WARN_UNREACHABLE_CODE</key>
				<string>YES</string>
				<key>CLANG_WARN__DUPLICATE_METHOD_MATCH</key>
				<string>YES</string>
				<key>CODE_SIGN_IDENTITY[sdk=iphoneos*]</key>
				<string>iPhone Developer</string>
				<key>COPY_PHASE_STRIP</key>
				<string>NO</string>
				<key>DEBUG_INFORMATION_FORMAT</key>
				<string>dwarf-with-dsym</string>
				<key>ENABLE_NS_ASSERTIONS</key>
				<string>NO</string>
				<key>ENABLE_STRICT_OBJC_MSGSEND</key>
				<string>YES</string>
				<key>GCC_C_LANGUAGE_STANDARD</key>
				<string>gnu99</string>
				<key>GCC_NO_COMMON_BLOCKS</key>
				<string>YES</string>
				<key>GCC_WARN_64_TO_32_BIT_CONVERSION</key>
				<string>YES</string>
				<key>GCC_WARN_ABOUT_RETURN_TYPE</key>
				<string>YES_ERROR</string>
				<key>GCC_WARN_UNDECLARED_SELECTOR</key>
				<string>YES</string>
				<key>GCC_WARN_UNINITIALIZED_AUTOS</key>
				<string>YES_AGGRESSIVE</string>
				<key>GCC_WARN_UNUSED_FUNCTION</key>
				<string>YES</string>
				<key>GCC_WARN_UNUSED_VARIABLE</key>
				<string>YES</string>
				<key>IPHONEOS_DEPLOYMENT_TARGET</key>
				<string>8.3</string>
				<key>MTL_ENABLE_DEBUG_INFO</key>
				<string>NO</string>
				<key>SDKROOT</key>
				<string>iphoneos</string>
				<key>VALIDATE_PRODUCT</key>
				<string>YES</string>
			</dict>
			<key>isa</key>
			<string>XCBuildConfiguration</string>
			<key>name</key>
			<string>Release</string>
		</dict>
		<key>E8B258C81AEEBE9F00195F02</key>
		<dict>
			<key>buildConfigurations</key>
			<array>
				<string>E8B258C91AEEBE9F00195F02</string>
				<string>E8B258CA1AEEBE9F00195F02</string>
			</array>
			<key>defaultConfigurationIsVisible</key>
			<string>0</string>
			<key>defaultConfigurationName</key>
			<string>Release</string>
			<key>isa</key>
			<string>XCConfigurationList</string>
		</dict>
		<key>E8B258C91AEEBE9F00195F02</key>
		<dict>
			<key>baseConfigurationReference</key>
			<string>5C5C647D06DC2050CAD9FFA5</string>
			<key>buildSettings</key>
			<dict>
				<key>ASSETCATALOG_COMPILER_APPICON_NAME</key>
				<string>AppIcon</string>
				<key>CODE_SIGN_IDENTITY</key>
				<string>iPhone Developer</string>
				<key>INFOPLIST_FILE</key>
				<string>Weather/Other Sources/Plist/Info.plist</string>
				<key>IPHONEOS_DEPLOYMENT_TARGET</key>
				<string>8.0</string>
				<key>LD_RUNPATH_SEARCH_PATHS</key>
				<string>$(inherited) @executable_path/Frameworks</string>
				<key>PRODUCT_NAME</key>
				<string>$(TARGET_NAME)</string>
			</dict>
			<key>isa</key>
			<string>XCBuildConfiguration</string>
			<key>name</key>
			<string>Debug</string>
		</dict>
		<key>E8B258CA1AEEBE9F00195F02</key>
		<dict>
			<key>baseConfigurationReference</key>
			<string>2954672EB3D3DF700B71BC05</string>
			<key>buildSettings</key>
			<dict>
				<key>ASSETCATALOG_COMPILER_APPICON_NAME</key>
				<string>AppIcon</string>
				<key>CODE_SIGN_IDENTITY</key>
				<string>iPhone Developer</string>
				<key>INFOPLIST_FILE</key>
				<string>Weather/Other Sources/Plist/Info.plist</string>
				<key>IPHONEOS_DEPLOYMENT_TARGET</key>
				<string>8.0</string>
				<key>LD_RUNPATH_SEARCH_PATHS</key>
				<string>$(inherited) @executable_path/Frameworks</string>
				<key>PRODUCT_NAME</key>
				<string>$(TARGET_NAME)</string>
			</dict>
			<key>isa</key>
			<string>XCBuildConfiguration</string>
			<key>name</key>
			<string>Release</string>
		</dict>
		<key>E8B258CB1AEEBE9F00195F02</key>
		<dict>
			<key>buildConfigurations</key>
			<array>
				<string>E8B258CC1AEEBE9F00195F02</string>
				<string>E8B258CD1AEEBE9F00195F02</string>
			</array>
			<key>defaultConfigurationIsVisible</key>
			<string>0</string>
			<key>defaultConfigurationName</key>
			<string>Release</string>
			<key>isa</key>
			<string>XCConfigurationList</string>
		</dict>
		<key>E8B258CC1AEEBE9F00195F02</key>
		<dict>
			<key>buildSettings</key>
			<dict>
				<key>BUNDLE_LOADER</key>
				<string>$(TEST_HOST)</string>
				<key>FRAMEWORK_SEARCH_PATHS</key>
				<array>
					<string>$(SDKROOT)/Developer/Library/Frameworks</string>
					<string>$(inherited)</string>
				</array>
				<key>GCC_PREPROCESSOR_DEFINITIONS</key>
				<array>
					<string>DEBUG=1</string>
					<string>$(inherited)</string>
				</array>
				<key>INFOPLIST_FILE</key>
				<string>WeatherTests/Supporting Files/Info.plist</string>
				<key>LD_RUNPATH_SEARCH_PATHS</key>
				<string>$(inherited) @executable_path/Frameworks @loader_path/Frameworks</string>
				<key>PRODUCT_NAME</key>
				<string>$(TARGET_NAME)</string>
				<key>TEST_HOST</key>
				<string>$(BUILT_PRODUCTS_DIR)/Weather.app/Weather</string>
			</dict>
			<key>isa</key>
			<string>XCBuildConfiguration</string>
			<key>name</key>
			<string>Debug</string>
		</dict>
		<key>E8B258CD1AEEBE9F00195F02</key>
		<dict>
			<key>buildSettings</key>
			<dict>
				<key>BUNDLE_LOADER</key>
				<string>$(TEST_HOST)</string>
				<key>FRAMEWORK_SEARCH_PATHS</key>
				<array>
					<string>$(SDKROOT)/Developer/Library/Frameworks</string>
					<string>$(inherited)</string>
				</array>
				<key>INFOPLIST_FILE</key>
				<string>WeatherTests/Supporting Files/Info.plist</string>
				<key>LD_RUNPATH_SEARCH_PATHS</key>
				<string>$(inherited) @executable_path/Frameworks @loader_path/Frameworks</string>
				<key>PRODUCT_NAME</key>
				<string>$(TARGET_NAME)</string>
				<key>TEST_HOST</key>
				<string>$(BUILT_PRODUCTS_DIR)/Weather.app/Weather</string>
			</dict>
			<key>isa</key>
			<string>XCBuildConfiguration</string>
			<key>name</key>
			<string>Release</string>
		</dict>
		<key>E8B258CE1AEEBEB000195F02</key>
		<dict>
			<key>children</key>
			<array>
				<string>E8B258D71AEEBF6600195F02</string>
				<string>E8B258D61AEEBF6200195F02</string>
				<string>E8B258D51AEEBF5D00195F02</string>
				<string>E8D219DE1AF04A330021F243</string>
			</array>
			<key>isa</key>
			<string>PBXGroup</string>
			<key>path</key>
			<string>Classes</string>
			<key>sourceTree</key>
			<string>&lt;group&gt;</string>
		</dict>
		<key>E8B258CF1AEEBEB500195F02</key>
		<dict>
			<key>children</key>
			<array>
				<string>E8B258DA1AEEC55A00195F02</string>
				<string>E8B258D21AEEBED500195F02</string>
			</array>
			<key>isa</key>
			<string>PBXGroup</string>
			<key>path</key>
			<string>Resources</string>
			<key>sourceTree</key>
			<string>&lt;group&gt;</string>
		</dict>
		<key>E8B258D01AEEBEBD00195F02</key>
		<dict>
			<key>children</key>
			<array>
				<string>E8B258D41AEEBF4C00195F02</string>
				<string>E8B258D31AEEBF3600195F02</string>
			</array>
			<key>isa</key>
			<string>PBXGroup</string>
			<key>path</key>
			<string>Other Sources</string>
			<key>sourceTree</key>
			<string>&lt;group&gt;</string>
		</dict>
		<key>E8B258D11AEEBEC600195F02</key>
		<dict>
			<key>children</key>
			<array>
				<string>E8B258AE1AEEBE9E00195F02</string>
			</array>
			<key>isa</key>
			<string>PBXGroup</string>
			<key>path</key>
			<string>AppDelegate</string>
			<key>sourceTree</key>
			<string>&lt;group&gt;</string>
		</dict>
		<key>E8B258D21AEEBED500195F02</key>
		<dict>
			<key>children</key>
			<array>
				<string>E8B258B51AEEBE9E00195F02</string>
			</array>
			<key>isa</key>
			<string>PBXGroup</string>
			<key>path</key>
			<string>Assets</string>
			<key>sourceTree</key>
			<string>&lt;group&gt;</string>
		</dict>
		<key>E8B258D31AEEBF3600195F02</key>
		<dict>
			<key>children</key>
			<array>
				<string>E8B258AD1AEEBE9E00195F02</string>
			</array>
			<key>isa</key>
			<string>PBXGroup</string>
			<key>path</key>
			<string>Plist</string>
			<key>sourceTree</key>
			<string>&lt;group&gt;</string>
		</dict>
		<key>E8B258D41AEEBF4C00195F02</key>
		<dict>
			<key>children</key>
			<array>
				<string>E8B258B71AEEBE9E00195F02</string>
			</array>
			<key>isa</key>
			<string>PBXGroup</string>
			<key>path</key>
			<string>LaunchScreen</string>
			<key>sourceTree</key>
			<string>&lt;group&gt;</string>
		</dict>
		<key>E8B258D51AEEBF5D00195F02</key>
		<dict>
			<key>children</key>
			<array>
				<string>E8B258D81AEEC16100195F02</string>
			</array>
			<key>isa</key>
			<string>PBXGroup</string>
			<key>path</key>
			<string>Views</string>
			<key>sourceTree</key>
			<string>&lt;group&gt;</string>
		</dict>
		<key>E8B258D61AEEBF6200195F02</key>
		<dict>
			<key>children</key>
			<array>
				<string>E8B258EB1AEEDDF000195F02</string>
				<string>E8D219D81AF042550021F243</string>
				<string>E85BA85B1AF4D0C10093B5F0</string>
			</array>
			<key>isa</key>
			<string>PBXGroup</string>
			<key>path</key>
			<string>Models</string>
			<key>sourceTree</key>
			<string>&lt;group&gt;</string>
		</dict>
		<key>E8B258D71AEEBF6600195F02</key>
		<dict>
			<key>children</key>
			<array>
				<string>E8D219DA1AF043DB0021F243</string>
				<string>E8D219D31AF041B50021F243</string>
				<string>E8D219DB1AF043E40021F243</string>
				<string>E801C2051AF5465900F1FCBA</string>
			</array>
			<key>isa</key>
			<string>PBXGroup</string>
			<key>path</key>
			<string>Controllers</string>
			<key>sourceTree</key>
			<string>&lt;group&gt;</string>
		</dict>
		<key>E8B258D81AEEC16100195F02</key>
		<dict>
			<key>fileEncoding</key>
			<string>4</string>
			<key>isa</key>
			<string>PBXFileReference</string>
			<key>lastKnownFileType</key>
			<string>file.storyboard</string>
			<key>path</key>
			<string>Main.storyboard</string>
			<key>sourceTree</key>
			<string>&lt;group&gt;</string>
		</dict>
		<key>E8B258D91AEEC16200195F02</key>
		<dict>
			<key>fileRef</key>
			<string>E8B258D81AEEC16100195F02</string>
			<key>isa</key>
			<string>PBXBuildFile</string>
		</dict>
		<key>E8B258DA1AEEC55A00195F02</key>
		<dict>
			<key>children</key>
			<array>
				<string>E8B258DB1AEEC57500195F02</string>
				<string>E8B258DC1AEEC57500195F02</string>
				<string>E8B258DD1AEEC57500195F02</string>
				<string>E8B258DE1AEEC57500195F02</string>
			</array>
			<key>isa</key>
			<string>PBXGroup</string>
			<key>path</key>
			<string>Fonts</string>
			<key>sourceTree</key>
			<string>&lt;group&gt;</string>
		</dict>
		<key>E8B258DB1AEEC57500195F02</key>
		<dict>
			<key>isa</key>
			<string>PBXFileReference</string>
			<key>lastKnownFileType</key>
			<string>file</string>
			<key>path</key>
			<string>ProximaNova-Bold.otf</string>
			<key>sourceTree</key>
			<string>&lt;group&gt;</string>
		</dict>
		<key>E8B258DC1AEEC57500195F02</key>
		<dict>
			<key>isa</key>
			<string>PBXFileReference</string>
			<key>lastKnownFileType</key>
			<string>file</string>
			<key>path</key>
			<string>ProximaNova-Light.otf</string>
			<key>sourceTree</key>
			<string>&lt;group&gt;</string>
		</dict>
		<key>E8B258DD1AEEC57500195F02</key>
		<dict>
			<key>isa</key>
			<string>PBXFileReference</string>
			<key>lastKnownFileType</key>
			<string>file</string>
			<key>path</key>
			<string>ProximaNova-Regular.otf</string>
			<key>sourceTree</key>
			<string>&lt;group&gt;</string>
		</dict>
		<key>E8B258DE1AEEC57500195F02</key>
		<dict>
			<key>isa</key>
			<string>PBXFileReference</string>
			<key>lastKnownFileType</key>
			<string>file</string>
			<key>path</key>
			<string>ProximaNova-Semibold.otf</string>
			<key>sourceTree</key>
			<string>&lt;group&gt;</string>
		</dict>
		<key>E8B258DF1AEEC57500195F02</key>
		<dict>
			<key>fileRef</key>
			<string>E8B258DB1AEEC57500195F02</string>
			<key>isa</key>
			<string>PBXBuildFile</string>
		</dict>
		<key>E8B258E01AEEC57500195F02</key>
		<dict>
			<key>fileRef</key>
			<string>E8B258DC1AEEC57500195F02</string>
			<key>isa</key>
			<string>PBXBuildFile</string>
		</dict>
		<key>E8B258E11AEEC57500195F02</key>
		<dict>
			<key>fileRef</key>
			<string>E8B258DD1AEEC57500195F02</string>
			<key>isa</key>
			<string>PBXBuildFile</string>
		</dict>
		<key>E8B258E21AEEC57500195F02</key>
		<dict>
			<key>fileRef</key>
			<string>E8B258DE1AEEC57500195F02</string>
			<key>isa</key>
			<string>PBXBuildFile</string>
		</dict>
		<key>E8B258E31AEEC5B800195F02</key>
		<dict>
			<key>children</key>
			<array>
				<string>E8B258E41AEEC5C200195F02</string>
				<string>E8D219DF1AF04BD00021F243</string>
				<string>E8D219D01AF0256D0021F243</string>
				<string>878A60081AEFCEEE004FFB39</string>
			</array>
			<key>isa</key>
			<string>PBXGroup</string>
			<key>path</key>
			<string>Helpers</string>
			<key>sourceTree</key>
			<string>&lt;group&gt;</string>
		</dict>
		<key>E8B258E41AEEC5C200195F02</key>
		<dict>
			<key>children</key>
			<array>
				<string>E8B258E51AEEC5DE00195F02</string>
				<string>E8FBC4E41AF4226C003B435C</string>
			</array>
			<key>isa</key>
			<string>PBXGroup</string>
			<key>path</key>
			<string>Constants</string>
			<key>sourceTree</key>
			<string>&lt;group&gt;</string>
		</dict>
		<key>E8B258E51AEEC5DE00195F02</key>
		<dict>
			<key>fileEncoding</key>
			<string>4</string>
			<key>isa</key>
			<string>PBXFileReference</string>
			<key>lastKnownFileType</key>
			<string>sourcecode.swift</string>
			<key>path</key>
			<string>Constants.swift</string>
			<key>sourceTree</key>
			<string>&lt;group&gt;</string>
		</dict>
		<key>E8B258E61AEEC5DE00195F02</key>
		<dict>
			<key>fileRef</key>
			<string>E8B258E51AEEC5DE00195F02</string>
			<key>isa</key>
			<string>PBXBuildFile</string>
		</dict>
		<key>E8B258E91AEED6E800195F02</key>
		<dict>
			<key>fileEncoding</key>
			<string>4</string>
			<key>isa</key>
			<string>PBXFileReference</string>
			<key>lastKnownFileType</key>
			<string>sourcecode.swift</string>
			<key>path</key>
			<string>TodayViewController.swift</string>
			<key>sourceTree</key>
			<string>&lt;group&gt;</string>
		</dict>
		<key>E8B258EA1AEED6E800195F02</key>
		<dict>
			<key>fileRef</key>
			<string>E8B258E91AEED6E800195F02</string>
			<key>isa</key>
			<string>PBXBuildFile</string>
		</dict>
		<key>E8B258EB1AEEDDF000195F02</key>
		<dict>
			<key>fileEncoding</key>
			<string>4</string>
			<key>isa</key>
			<string>PBXFileReference</string>
			<key>lastKnownFileType</key>
			<string>sourcecode.swift</string>
			<key>path</key>
			<string>Weather.swift</string>
			<key>sourceTree</key>
			<string>&lt;group&gt;</string>
		</dict>
		<key>E8B258EC1AEEDDF000195F02</key>
		<dict>
			<key>fileRef</key>
			<string>E8B258EB1AEEDDF000195F02</string>
			<key>isa</key>
			<string>PBXBuildFile</string>
		</dict>
		<key>E8D219D01AF0256D0021F243</key>
		<dict>
			<key>children</key>
			<array>
				<string>E8D219D11AF041880021F243</string>
			</array>
			<key>isa</key>
			<string>PBXGroup</string>
			<key>path</key>
			<string>Networking</string>
			<key>sourceTree</key>
			<string>&lt;group&gt;</string>
		</dict>
		<key>E8D219D11AF041880021F243</key>
		<dict>
			<key>fileEncoding</key>
			<string>4</string>
			<key>isa</key>
			<string>PBXFileReference</string>
			<key>lastKnownFileType</key>
			<string>sourcecode.swift</string>
			<key>path</key>
			<string>WeatherNetwork.swift</string>
			<key>sourceTree</key>
			<string>&lt;group&gt;</string>
		</dict>
		<key>E8D219D21AF041880021F243</key>
		<dict>
			<key>fileRef</key>
			<string>E8D219D11AF041880021F243</string>
			<key>isa</key>
			<string>PBXBuildFile</string>
		</dict>
		<key>E8D219D31AF041B50021F243</key>
		<dict>
			<key>children</key>
			<array>
				<string>E8D219D41AF041CD0021F243</string>
				<string>E8D219D61AF041E90021F243</string>
			</array>
			<key>isa</key>
			<string>PBXGroup</string>
			<key>path</key>
			<string>Forecast</string>
			<key>sourceTree</key>
			<string>&lt;group&gt;</string>
		</dict>
		<key>E8D219D41AF041CD0021F243</key>
		<dict>
			<key>fileEncoding</key>
			<string>4</string>
			<key>isa</key>
			<string>PBXFileReference</string>
			<key>lastKnownFileType</key>
			<string>sourcecode.swift</string>
			<key>path</key>
			<string>ForecastViewController.swift</string>
			<key>sourceTree</key>
			<string>&lt;group&gt;</string>
		</dict>
		<key>E8D219D51AF041CD0021F243</key>
		<dict>
			<key>fileRef</key>
			<string>E8D219D41AF041CD0021F243</string>
			<key>isa</key>
			<string>PBXBuildFile</string>
		</dict>
		<key>E8D219D61AF041E90021F243</key>
		<dict>
			<key>fileEncoding</key>
			<string>4</string>
			<key>isa</key>
			<string>PBXFileReference</string>
			<key>lastKnownFileType</key>
			<string>sourcecode.swift</string>
			<key>path</key>
			<string>ForecastTableViewCell.swift</string>
			<key>sourceTree</key>
			<string>&lt;group&gt;</string>
		</dict>
		<key>E8D219D71AF041E90021F243</key>
		<dict>
			<key>fileRef</key>
			<string>E8D219D61AF041E90021F243</string>
			<key>isa</key>
			<string>PBXBuildFile</string>
		</dict>
		<key>E8D219D81AF042550021F243</key>
		<dict>
			<key>fileEncoding</key>
			<string>4</string>
			<key>isa</key>
			<string>PBXFileReference</string>
			<key>lastKnownFileType</key>
			<string>sourcecode.swift</string>
			<key>path</key>
			<string>Forecast.swift</string>
			<key>sourceTree</key>
			<string>&lt;group&gt;</string>
		</dict>
		<key>E8D219D91AF042550021F243</key>
		<dict>
			<key>fileRef</key>
			<string>E8D219D81AF042550021F243</string>
			<key>isa</key>
			<string>PBXBuildFile</string>
		</dict>
		<key>E8D219DA1AF043DB0021F243</key>
		<dict>
			<key>children</key>
			<array>
				<string>E8B258E91AEED6E800195F02</string>
			</array>
			<key>isa</key>
			<string>PBXGroup</string>
			<key>path</key>
			<string>Today</string>
			<key>sourceTree</key>
			<string>&lt;group&gt;</string>
		</dict>
		<key>E8D219DB1AF043E40021F243</key>
		<dict>
			<key>children</key>
			<array>
				<string>E8D219DC1AF043FC0021F243</string>
				<string>E85BA85D1AF4D36C0093B5F0</string>
			</array>
			<key>isa</key>
			<string>PBXGroup</string>
			<key>path</key>
			<string>Settings</string>
			<key>sourceTree</key>
			<string>&lt;group&gt;</string>
		</dict>
		<key>E8D219DC1AF043FC0021F243</key>
		<dict>
			<key>fileEncoding</key>
			<string>4</string>
			<key>isa</key>
			<string>PBXFileReference</string>
			<key>lastKnownFileType</key>
			<string>sourcecode.swift</string>
			<key>path</key>
			<string>SettingsViewController.swift</string>
			<key>sourceTree</key>
			<string>&lt;group&gt;</string>
		</dict>
		<key>E8D219DD1AF043FC0021F243</key>
		<dict>
			<key>fileRef</key>
			<string>E8D219DC1AF043FC0021F243</string>
			<key>isa</key>
			<string>PBXBuildFile</string>
		</dict>
		<key>E8D219DE1AF04A330021F243</key>
		<dict>
			<key>children</key>
			<array>
				<string>87833CC91AF241160018B6D8</string>
				<string>87833CCB1AF241520018B6D8</string>
				<string>E801C2011AF5308A00F1FCBA</string>
			</array>
			<key>isa</key>
			<string>PBXGroup</string>
			<key>path</key>
			<string>ViewModels</string>
			<key>sourceTree</key>
			<string>&lt;group&gt;</string>
		</dict>
		<key>E8D219DF1AF04BD00021F243</key>
		<dict>
			<key>children</key>
			<array>
				<string>E8D219E01AF04BE20021F243</string>
			</array>
			<key>isa</key>
			<string>PBXGroup</string>
			<key>path</key>
			<string>Data</string>
			<key>sourceTree</key>
			<string>&lt;group&gt;</string>
		</dict>
		<key>E8D219E01AF04BE20021F243</key>
		<dict>
			<key>fileEncoding</key>
			<string>4</string>
			<key>isa</key>
			<string>PBXFileReference</string>
			<key>lastKnownFileType</key>
			<string>sourcecode.swift</string>
			<key>path</key>
			<string>DataManager.swift</string>
			<key>sourceTree</key>
			<string>&lt;group&gt;</string>
		</dict>
		<key>E8D219E11AF04BE20021F243</key>
		<dict>
			<key>fileRef</key>
			<string>E8D219E01AF04BE20021F243</string>
			<key>isa</key>
			<string>PBXBuildFile</string>
		</dict>
		<key>E8FBC4E41AF4226C003B435C</key>
		<dict>
			<key>fileEncoding</key>
			<string>4</string>
			<key>isa</key>
			<string>PBXFileReference</string>
			<key>lastKnownFileType</key>
			<string>sourcecode.swift</string>
			<key>path</key>
			<string>Enums.swift</string>
			<key>sourceTree</key>
			<string>&lt;group&gt;</string>
		</dict>
		<key>E8FBC4E51AF4226C003B435C</key>
		<dict>
			<key>fileRef</key>
			<string>E8FBC4E41AF4226C003B435C</string>
			<key>isa</key>
			<string>PBXBuildFile</string>
		</dict>
	</dict>
	<key>rootObject</key>
	<string>E8B258A11AEEBE9E00195F02</string>
</dict>
</plist>
